
Microsoft Visual Studio Solution File, Format Version 12.00
# Visual Studio Version 17
VisualStudioVersion = 17.0.31903.59
MinimumVisualStudioVersion = 10.0.40219.1
Project("{2150E333-8FDC-42A3-9474-1A3956D46DE8}") = "src", "src", "{26363886-AC5C-40CE-A345-FB16F9CC28F0}"
EndProject
Project("{2150E333-8FDC-42A3-9474-1A3956D46DE8}") = "Applications", "Applications", "{BCBE208D-0E0A-40AA-B4A8-95E17F3CF178}"
EndProject
Project("{2150E333-8FDC-42A3-9474-1A3956D46DE8}") = "Framework", "Framework", "{6E21997D-39FB-43B9-B937-431FE2C5BD68}"
EndProject
Project("{2150E333-8FDC-42A3-9474-1A3956D46DE8}") = "Modules", "Modules", "{16F33BD8-858E-461F-887F-583F2367F8BC}"
EndProject
Project("{F184B08F-C81C-45F6-A57F-5ABD9991F28F}") = "Sspcl.App", "src\Sspcl.App\Sspcl.App.vbproj", "{4499F2D2-18EF-4238-B1F0-7BD547AFF925}"
EndProject
Project("{FAE04EC0-301F-11D3-BF4B-00C04F79EFBC}") = "Sspcl.Foundation", "src\Sspcl.Foundation\Sspcl.Foundation.csproj", "{D22BBF3C-2177-0208-4E29-8466AA41AC6F}"
EndProject
Project("{FAE04EC0-301F-11D3-BF4B-00C04F79EFBC}") = "Sspcl.Foundation.Wpf", "src\Sspcl.Foundation.Wpf\Sspcl.Foundation.Wpf.csproj", "{2DFFE2A0-1101-816B-D240-F644B2D74A68}"
EndProject
Project("{FAE04EC0-301F-11D3-BF4B-00C04F79EFBC}") = "Sspcl.Java", "src\Sspcl.Java\Sspcl.Java.csproj", "{32DE4AAF-F4D6-42C5-9604-19236DE96C69}"
EndProject
Project("{FAE04EC0-301F-11D3-BF4B-00C04F79EFBC}") = "Sspcl.Core", "src\Sspcl.Core\Sspcl.Core.csproj", "{DCB274CE-9B9B-4437-B2FF-D322BA25589F}"
EndProject
Project("{FAE04EC0-301F-11D3-BF4B-00C04F79EFBC}") = "Sspcl.Cli", "src\Sspcl.Cli\Sspcl.Cli.csproj", "{E9938F51-BE25-42B6-9364-1CC0E638BDD2}"
EndProject
Project("{FAE04EC0-301F-11D3-BF4B-00C04F79EFBC}") = "Sspcl.Desktop", "src\Sspcl.Desktop\Sspcl.Desktop.csproj", "{F0FE450A-FE9B-445B-9897-4119A2C4F952}"
EndProject
Global
	GlobalSection(SolutionConfigurationPlatforms) = preSolution
		Debug|Any CPU = Debug|Any CPU
		Release|Any CPU = Release|Any CPU
	EndGlobalSection
	GlobalSection(ProjectConfigurationPlatforms) = postSolution
		{4499F2D2-18EF-4238-B1F0-7BD547AFF925}.Debug|Any CPU.ActiveCfg = Debug|Any CPU
		{4499F2D2-18EF-4238-B1F0-7BD547AFF925}.Debug|Any CPU.Build.0 = Debug|Any CPU
		{4499F2D2-18EF-4238-B1F0-7BD547AFF925}.Release|Any CPU.ActiveCfg = Release|Any CPU
		{4499F2D2-18EF-4238-B1F0-7BD547AFF925}.Release|Any CPU.Build.0 = Release|Any CPU
		{D22BBF3C-2177-0208-4E29-8466AA41AC6F}.Debug|Any CPU.ActiveCfg = Debug|Any CPU
		{D22BBF3C-2177-0208-4E29-8466AA41AC6F}.Debug|Any CPU.Build.0 = Debug|Any CPU
		{D22BBF3C-2177-0208-4E29-8466AA41AC6F}.Release|Any CPU.ActiveCfg = Release|Any CPU
		{D22BBF3C-2177-0208-4E29-8466AA41AC6F}.Release|Any CPU.Build.0 = Release|Any CPU
		{2DFFE2A0-1101-816B-D240-F644B2D74A68}.Debug|Any CPU.ActiveCfg = Debug|Any CPU
		{2DFFE2A0-1101-816B-D240-F644B2D74A68}.Debug|Any CPU.Build.0 = Debug|Any CPU
		{2DFFE2A0-1101-816B-D240-F644B2D74A68}.Release|Any CPU.ActiveCfg = Release|Any CPU
		{2DFFE2A0-1101-816B-D240-F644B2D74A68}.Release|Any CPU.Build.0 = Release|Any CPU
		{32DE4AAF-F4D6-42C5-9604-19236DE96C69}.Debug|Any CPU.ActiveCfg = Debug|Any CPU
		{32DE4AAF-F4D6-42C5-9604-19236DE96C69}.Debug|Any CPU.Build.0 = Debug|Any CPU
		{32DE4AAF-F4D6-42C5-9604-19236DE96C69}.Release|Any CPU.ActiveCfg = Release|Any CPU
		{32DE4AAF-F4D6-42C5-9604-19236DE96C69}.Release|Any CPU.Build.0 = Release|Any CPU
		{DCB274CE-9B9B-4437-B2FF-D322BA25589F}.Debug|Any CPU.ActiveCfg = Debug|Any CPU
		{DCB274CE-9B9B-4437-B2FF-D322BA25589F}.Debug|Any CPU.Build.0 = Debug|Any CPU
		{DCB274CE-9B9B-4437-B2FF-D322BA25589F}.Release|Any CPU.ActiveCfg = Release|Any CPU
		{DCB274CE-9B9B-4437-B2FF-D322BA25589F}.Release|Any CPU.Build.0 = Release|Any CPU
		{E9938F51-BE25-42B6-9364-1CC0E638BDD2}.Debug|Any CPU.ActiveCfg = Debug|Any CPU
		{E9938F51-BE25-42B6-9364-1CC0E638BDD2}.Debug|Any CPU.Build.0 = Debug|Any CPU
		{E9938F51-BE25-42B6-9364-1CC0E638BDD2}.Release|Any CPU.ActiveCfg = Release|Any CPU
		{E9938F51-BE25-42B6-9364-1CC0E638BDD2}.Release|Any CPU.Build.0 = Release|Any CPU
		{F0FE450A-FE9B-445B-9897-4119A2C4F952}.Debug|Any CPU.ActiveCfg = Debug|Any CPU
		{F0FE450A-FE9B-445B-9897-4119A2C4F952}.Debug|Any CPU.Build.0 = Debug|Any CPU
		{F0FE450A-FE9B-445B-9897-4119A2C4F952}.Release|Any CPU.ActiveCfg = Release|Any CPU
		{F0FE450A-FE9B-445B-9897-4119A2C4F952}.Release|Any CPU.Build.0 = Release|Any CPU
	EndGlobalSection
	GlobalSection(SolutionProperties) = preSolution
		HideSolutionNode = FALSE
	EndGlobalSection
	GlobalSection(NestedProjects) = preSolution
		{BCBE208D-0E0A-40AA-B4A8-95E17F3CF178} = {26363886-AC5C-40CE-A345-FB16F9CC28F0}
		{6E21997D-39FB-43B9-B937-431FE2C5BD68} = {26363886-AC5C-40CE-A345-FB16F9CC28F0}
		{16F33BD8-858E-461F-887F-583F2367F8BC} = {26363886-AC5C-40CE-A345-FB16F9CC28F0}
		{4499F2D2-18EF-4238-B1F0-7BD547AFF925} = {BCBE208D-0E0A-40AA-B4A8-95E17F3CF178}
		{D22BBF3C-2177-0208-4E29-8466AA41AC6F} = {6E21997D-39FB-43B9-B937-431FE2C5BD68}
		{2DFFE2A0-1101-816B-D240-F644B2D74A68} = {6E21997D-39FB-43B9-B937-431FE2C5BD68}
		{32DE4AAF-F4D6-42C5-9604-19236DE96C69} = {16F33BD8-858E-461F-887F-583F2367F8BC}
		{DCB274CE-9B9B-4437-B2FF-D322BA25589F} = {16F33BD8-858E-461F-887F-583F2367F8BC}
		{E9938F51-BE25-42B6-9364-1CC0E638BDD2} = {BCBE208D-0E0A-40AA-B4A8-95E17F3CF178}
		{F0FE450A-FE9B-445B-9897-4119A2C4F952} = {BCBE208D-0E0A-40AA-B4A8-95E17F3CF178}
	EndGlobalSection
EndGlobal
